// !$*UTF8*$!
{
	archiveVersion = 1;
	classes = {
	};
	objectVersion = 56;
	objects = {

/* Begin PBXBuildFile section */
		5243C1E62AC9393F00A8030D /* StopwatchExtension.swift in Sources */ = {isa = PBXBuildFile; fileRef = 5243C1E52AC9393F00A8030D /* StopwatchExtension.swift */; };
		5243C1E82AC9396D00A8030D /* StopwatchView.swift in Sources */ = {isa = PBXBuildFile; fileRef = 5243C1E72AC9396D00A8030D /* StopwatchView.swift */; };
		AB1502EB2AC6152F00BBA7E4 /* MyTextfield.swift in Sources */ = {isa = PBXBuildFile; fileRef = AB1502EA2AC6152F00BBA7E4 /* MyTextfield.swift */; };
		AB607DD12AC715C60022BCE1 /* SelectDaysView.swift in Sources */ = {isa = PBXBuildFile; fileRef = AB607DD02AC715C60022BCE1 /* SelectDaysView.swift */; };
		AB607DD52AC7389E0022BCE1 /* SelectSoundView.swift in Sources */ = {isa = PBXBuildFile; fileRef = AB607DD42AC7389E0022BCE1 /* SelectSoundView.swift */; };
		AB607DE52ACD31D80022BCE1 /* AlarmManager.swift in Sources */ = {isa = PBXBuildFile; fileRef = AB607DE42ACD31D80022BCE1 /* AlarmManager.swift */; };
		AB99C7E22AC25B1900033060 /* CalendarVC.swift in Sources */ = {isa = PBXBuildFile; fileRef = AB99C7E12AC25B1900033060 /* CalendarVC.swift */; };
		AB99C7E42AC25C1500033060 /* Extension.swift in Sources */ = {isa = PBXBuildFile; fileRef = AB99C7E32AC25C1500033060 /* Extension.swift */; };
		AB99C7E62AC2A77B00033060 /* CustomTableViewCell.swift in Sources */ = {isa = PBXBuildFile; fileRef = AB99C7E52AC2A77B00033060 /* CustomTableViewCell.swift */; };
		AB99C7ED2AC2C9B700033060 /* SnapKit in Frameworks */ = {isa = PBXBuildFile; productRef = AB99C7EC2AC2C9B700033060 /* SnapKit */; };
		ABEAB8D92AC1715400078F72 /* AppDelegate.swift in Sources */ = {isa = PBXBuildFile; fileRef = ABEAB8D82AC1715400078F72 /* AppDelegate.swift */; };
		ABEAB8DB2AC1715400078F72 /* SceneDelegate.swift in Sources */ = {isa = PBXBuildFile; fileRef = ABEAB8DA2AC1715400078F72 /* SceneDelegate.swift */; };
		ABEAB8DD2AC1715400078F72 /* ViewController.swift in Sources */ = {isa = PBXBuildFile; fileRef = ABEAB8DC2AC1715400078F72 /* ViewController.swift */; };
		ABEAB8E02AC1715500078F72 /* Main.storyboard in Resources */ = {isa = PBXBuildFile; fileRef = ABEAB8DE2AC1715500078F72 /* Main.storyboard */; };
		ABEAB8E32AC1715500078F72 /* WakeMeUp.xcdatamodeld in Sources */ = {isa = PBXBuildFile; fileRef = ABEAB8E12AC1715500078F72 /* WakeMeUp.xcdatamodeld */; };
		ABEAB8E52AC1715600078F72 /* Assets.xcassets in Resources */ = {isa = PBXBuildFile; fileRef = ABEAB8E42AC1715600078F72 /* Assets.xcassets */; };
		ABEAB8E82AC1715600078F72 /* LaunchScreen.storyboard in Resources */ = {isa = PBXBuildFile; fileRef = ABEAB8E62AC1715600078F72 /* LaunchScreen.storyboard */; };
		ABEAB8F32AC1869100078F72 /* TimerVC.swift in Sources */ = {isa = PBXBuildFile; fileRef = ABEAB8F22AC1869100078F72 /* TimerVC.swift */; };
		ABEAB8F52AC1869C00078F72 /* GameVC.storyboard in Resources */ = {isa = PBXBuildFile; fileRef = ABEAB8F42AC1869C00078F72 /* GameVC.storyboard */; };
		ABEAB8F72AC186A600078F72 /* StopwatchVC.swift in Sources */ = {isa = PBXBuildFile; fileRef = ABEAB8F62AC186A600078F72 /* StopwatchVC.swift */; };
		ABEAB8F92AC186F600078F72 /* AlarmVC.swift in Sources */ = {isa = PBXBuildFile; fileRef = ABEAB8F82AC186F600078F72 /* AlarmVC.swift */; };
		ABFC99E92AC5D34400095448 /* AddAlarmVC.swift in Sources */ = {isa = PBXBuildFile; fileRef = ABFC99E82AC5D34400095448 /* AddAlarmVC.swift */; };
/* End PBXBuildFile section */

/* Begin PBXFileReference section */
		5243C1E52AC9393F00A8030D /* StopwatchExtension.swift */ = {isa = PBXFileReference; lastKnownFileType = sourcecode.swift; path = StopwatchExtension.swift; sourceTree = "<group>"; };
		5243C1E72AC9396D00A8030D /* StopwatchView.swift */ = {isa = PBXFileReference; lastKnownFileType = sourcecode.swift; path = StopwatchView.swift; sourceTree = "<group>"; };
		AB1502EA2AC6152F00BBA7E4 /* MyTextfield.swift */ = {isa = PBXFileReference; lastKnownFileType = sourcecode.swift; path = MyTextfield.swift; sourceTree = "<group>"; };
		AB607DD02AC715C60022BCE1 /* SelectDaysView.swift */ = {isa = PBXFileReference; lastKnownFileType = sourcecode.swift; path = SelectDaysView.swift; sourceTree = "<group>"; };
		AB607DD42AC7389E0022BCE1 /* SelectSoundView.swift */ = {isa = PBXFileReference; lastKnownFileType = sourcecode.swift; path = SelectSoundView.swift; sourceTree = "<group>"; };
		AB607DE42ACD31D80022BCE1 /* AlarmManager.swift */ = {isa = PBXFileReference; lastKnownFileType = sourcecode.swift; path = AlarmManager.swift; sourceTree = "<group>"; };
		AB99C7E12AC25B1900033060 /* CalendarVC.swift */ = {isa = PBXFileReference; lastKnownFileType = sourcecode.swift; path = CalendarVC.swift; sourceTree = "<group>"; };
		AB99C7E32AC25C1500033060 /* Extension.swift */ = {isa = PBXFileReference; lastKnownFileType = sourcecode.swift; path = Extension.swift; sourceTree = "<group>"; };
		AB99C7E52AC2A77B00033060 /* CustomTableViewCell.swift */ = {isa = PBXFileReference; lastKnownFileType = sourcecode.swift; path = CustomTableViewCell.swift; sourceTree = "<group>"; };
		ABEAB8D52AC1715400078F72 /* WakeMeUp.app */ = {isa = PBXFileReference; explicitFileType = wrapper.application; includeInIndex = 0; path = WakeMeUp.app; sourceTree = BUILT_PRODUCTS_DIR; };
		ABEAB8D82AC1715400078F72 /* AppDelegate.swift */ = {isa = PBXFileReference; lastKnownFileType = sourcecode.swift; path = AppDelegate.swift; sourceTree = "<group>"; };
		ABEAB8DA2AC1715400078F72 /* SceneDelegate.swift */ = {isa = PBXFileReference; lastKnownFileType = sourcecode.swift; path = SceneDelegate.swift; sourceTree = "<group>"; };
		ABEAB8DC2AC1715400078F72 /* ViewController.swift */ = {isa = PBXFileReference; lastKnownFileType = sourcecode.swift; path = ViewController.swift; sourceTree = "<group>"; };
		ABEAB8DF2AC1715500078F72 /* Base */ = {isa = PBXFileReference; lastKnownFileType = file.storyboard; name = Base; path = Base.lproj/Main.storyboard; sourceTree = "<group>"; };
		ABEAB8E22AC1715500078F72 /* WakeMeUp.xcdatamodel */ = {isa = PBXFileReference; lastKnownFileType = wrapper.xcdatamodel; path = WakeMeUp.xcdatamodel; sourceTree = "<group>"; };
		ABEAB8E42AC1715600078F72 /* Assets.xcassets */ = {isa = PBXFileReference; lastKnownFileType = folder.assetcatalog; path = Assets.xcassets; sourceTree = "<group>"; };
		ABEAB8E72AC1715600078F72 /* Base */ = {isa = PBXFileReference; lastKnownFileType = file.storyboard; name = Base; path = Base.lproj/LaunchScreen.storyboard; sourceTree = "<group>"; };
		ABEAB8E92AC1715600078F72 /* Info.plist */ = {isa = PBXFileReference; lastKnownFileType = text.plist.xml; path = Info.plist; sourceTree = "<group>"; };
		ABEAB8F22AC1869100078F72 /* TimerVC.swift */ = {isa = PBXFileReference; lastKnownFileType = sourcecode.swift; path = TimerVC.swift; sourceTree = "<group>"; };
		ABEAB8F42AC1869C00078F72 /* GameVC.storyboard */ = {isa = PBXFileReference; lastKnownFileType = file.storyboard; path = GameVC.storyboard; sourceTree = "<group>"; };
		ABEAB8F62AC186A600078F72 /* StopwatchVC.swift */ = {isa = PBXFileReference; lastKnownFileType = sourcecode.swift; path = StopwatchVC.swift; sourceTree = "<group>"; };
		ABEAB8F82AC186F600078F72 /* AlarmVC.swift */ = {isa = PBXFileReference; lastKnownFileType = sourcecode.swift; path = AlarmVC.swift; sourceTree = "<group>"; };
		ABFC99E82AC5D34400095448 /* AddAlarmVC.swift */ = {isa = PBXFileReference; lastKnownFileType = sourcecode.swift; path = AddAlarmVC.swift; sourceTree = "<group>"; };
/* End PBXFileReference section */

/* Begin PBXFrameworksBuildPhase section */
		ABEAB8D22AC1715400078F72 /* Frameworks */ = {
			isa = PBXFrameworksBuildPhase;
			buildActionMask = 2147483647;
			files = (
				AB99C7ED2AC2C9B700033060 /* SnapKit in Frameworks */,
			);
			runOnlyForDeploymentPostprocessing = 0;
		};
/* End PBXFrameworksBuildPhase section */

/* Begin PBXGroup section */
		5243C1E42AC9390900A8030D /* StopWatch */ = {
			isa = PBXGroup;
			children = (
				5243C1E72AC9396D00A8030D /* StopwatchView.swift */,
				ABEAB8F62AC186A600078F72 /* StopwatchVC.swift */,
				5243C1E52AC9393F00A8030D /* StopwatchExtension.swift */,
			);
			path = StopWatch;
			sourceTree = "<group>";
		};
		AB1502E92AC6151F00BBA7E4 /* SubComponents */ = {
			isa = PBXGroup;
			children = (
				AB1502EA2AC6152F00BBA7E4 /* MyTextfield.swift */,
			);
			path = SubComponents;
			sourceTree = "<group>";
		};
		AB607DCF2AC715B10022BCE1 /* CustomComponents */ = {
			isa = PBXGroup;
			children = (
				AB607DD02AC715C60022BCE1 /* SelectDaysView.swift */,
				AB607DD42AC7389E0022BCE1 /* SelectSoundView.swift */,
			);
			path = CustomComponents;
			sourceTree = "<group>";
		};
		AB99C7E72AC2BE5200033060 /* Alarm */ = {
			isa = PBXGroup;
			children = (
				ABEAB8F82AC186F600078F72 /* AlarmVC.swift */,
				AB99C7E52AC2A77B00033060 /* CustomTableViewCell.swift */,
				ABFC99E82AC5D34400095448 /* AddAlarmVC.swift */,
			);
			path = Alarm;
			sourceTree = "<group>";
		};
		ABEAB8CC2AC1715400078F72 = {
			isa = PBXGroup;
			children = (
				ABEAB8D72AC1715400078F72 /* WakeMeUp */,
				ABEAB8D62AC1715400078F72 /* Products */,
			);
			sourceTree = "<group>";
		};
		ABEAB8D62AC1715400078F72 /* Products */ = {
			isa = PBXGroup;
			children = (
				ABEAB8D52AC1715400078F72 /* WakeMeUp.app */,
			);
			name = Products;
			sourceTree = "<group>";
		};
		ABEAB8D72AC1715400078F72 /* WakeMeUp */ = {
			isa = PBXGroup;
			children = (
				ABEAB8D82AC1715400078F72 /* AppDelegate.swift */,
				ABEAB8DA2AC1715400078F72 /* SceneDelegate.swift */,
				ABEAB8DC2AC1715400078F72 /* ViewController.swift */,
				ABEAB8DE2AC1715500078F72 /* Main.storyboard */,
				ABEAB8F12AC1833100078F72 /* Model */,
				ABEAB8F02AC1832C00078F72 /* ViewModel */,
				ABEAB8EF2AC1832500078F72 /* View */,
				ABEAB8E42AC1715600078F72 /* Assets.xcassets */,
				ABEAB8E62AC1715600078F72 /* LaunchScreen.storyboard */,
				ABEAB8E92AC1715600078F72 /* Info.plist */,
				ABEAB8E12AC1715500078F72 /* WakeMeUp.xcdatamodeld */,
				AB99C7E32AC25C1500033060 /* Extension.swift */,
			);
			path = WakeMeUp;
			sourceTree = "<group>";
		};
		ABEAB8EF2AC1832500078F72 /* View */ = {
			isa = PBXGroup;
			children = (
				AB607DCF2AC715B10022BCE1 /* CustomComponents */,
				AB1502E92AC6151F00BBA7E4 /* SubComponents */,
				AB99C7E72AC2BE5200033060 /* Alarm */,
				ABEAB8F22AC1869100078F72 /* TimerVC.swift */,
				AB99C7E12AC25B1900033060 /* CalendarVC.swift */,
				5243C1E42AC9390900A8030D /* StopWatch */,
				ABEAB8F42AC1869C00078F72 /* GameVC.storyboard */,
			);
			path = View;
			sourceTree = "<group>";
		};
		ABEAB8F02AC1832C00078F72 /* ViewModel */ = {
			isa = PBXGroup;
			children = (
			);
			path = ViewModel;
			sourceTree = "<group>";
		};
		ABEAB8F12AC1833100078F72 /* Model */ = {
			isa = PBXGroup;
			children = (
				AB607DE42ACD31D80022BCE1 /* AlarmManager.swift */,
			);
			path = Model;
			sourceTree = "<group>";
		};
/* End PBXGroup section */

/* Begin PBXNativeTarget section */
		ABEAB8D42AC1715400078F72 /* WakeMeUp */ = {
			isa = PBXNativeTarget;
			buildConfigurationList = ABEAB8EC2AC1715600078F72 /* Build configuration list for PBXNativeTarget "WakeMeUp" */;
			buildPhases = (
				ABEAB8D12AC1715400078F72 /* Sources */,
				ABEAB8D22AC1715400078F72 /* Frameworks */,
				ABEAB8D32AC1715400078F72 /* Resources */,
			);
			buildRules = (
			);
			dependencies = (
			);
			name = WakeMeUp;
			packageProductDependencies = (
				AB99C7EC2AC2C9B700033060 /* SnapKit */,
			);
			productName = WakeMeUp;
			productReference = ABEAB8D52AC1715400078F72 /* WakeMeUp.app */;
			productType = "com.apple.product-type.application";
		};
/* End PBXNativeTarget section */

/* Begin PBXProject section */
		ABEAB8CD2AC1715400078F72 /* Project object */ = {
			isa = PBXProject;
			attributes = {
				BuildIndependentTargetsInParallel = 1;
				LastSwiftUpdateCheck = 1430;
				LastUpgradeCheck = 1430;
				TargetAttributes = {
					ABEAB8D42AC1715400078F72 = {
						CreatedOnToolsVersion = 14.3.1;
					};
				};
			};
			buildConfigurationList = ABEAB8D02AC1715400078F72 /* Build configuration list for PBXProject "WakeMeUp" */;
			compatibilityVersion = "Xcode 14.0";
			developmentRegion = en;
			hasScannedForEncodings = 0;
			knownRegions = (
				en,
				Base,
			);
			mainGroup = ABEAB8CC2AC1715400078F72;
			packageReferences = (
				AB99C7EB2AC2C9B700033060 /* XCRemoteSwiftPackageReference "SnapKit" */,
			);
			productRefGroup = ABEAB8D62AC1715400078F72 /* Products */;
			projectDirPath = "";
			projectRoot = "";
			targets = (
				ABEAB8D42AC1715400078F72 /* WakeMeUp */,
			);
		};
/* End PBXProject section */

/* Begin PBXResourcesBuildPhase section */
		ABEAB8D32AC1715400078F72 /* Resources */ = {
			isa = PBXResourcesBuildPhase;
			buildActionMask = 2147483647;
			files = (
				ABEAB8E82AC1715600078F72 /* LaunchScreen.storyboard in Resources */,
				ABEAB8E52AC1715600078F72 /* Assets.xcassets in Resources */,
				ABEAB8E02AC1715500078F72 /* Main.storyboard in Resources */,
				ABEAB8F52AC1869C00078F72 /* GameVC.storyboard in Resources */,
			);
			runOnlyForDeploymentPostprocessing = 0;
		};
/* End PBXResourcesBuildPhase section */

/* Begin PBXSourcesBuildPhase section */
		ABEAB8D12AC1715400078F72 /* Sources */ = {
			isa = PBXSourcesBuildPhase;
			buildActionMask = 2147483647;
			files = (
				AB99C7E42AC25C1500033060 /* Extension.swift in Sources */,
				ABEAB8F92AC186F600078F72 /* AlarmVC.swift in Sources */,
				ABEAB8E32AC1715500078F72 /* WakeMeUp.xcdatamodeld in Sources */,
				AB1502EB2AC6152F00BBA7E4 /* MyTextfield.swift in Sources */,
				ABEAB8F32AC1869100078F72 /* TimerVC.swift in Sources */,
				ABEAB8F72AC186A600078F72 /* StopwatchVC.swift in Sources */,
				5243C1E82AC9396D00A8030D /* StopwatchView.swift in Sources */,
				AB607DD52AC7389E0022BCE1 /* SelectSoundView.swift in Sources */,
				ABFC99E92AC5D34400095448 /* AddAlarmVC.swift in Sources */,
				5243C1E62AC9393F00A8030D /* StopwatchExtension.swift in Sources */,
				ABEAB8DD2AC1715400078F72 /* ViewController.swift in Sources */,
				AB99C7E62AC2A77B00033060 /* CustomTableViewCell.swift in Sources */,
				ABEAB8D92AC1715400078F72 /* AppDelegate.swift in Sources */,
				AB99C7E22AC25B1900033060 /* CalendarVC.swift in Sources */,
				AB607DD12AC715C60022BCE1 /* SelectDaysView.swift in Sources */,
				ABEAB8DB2AC1715400078F72 /* SceneDelegate.swift in Sources */,
				AB607DE52ACD31D80022BCE1 /* AlarmManager.swift in Sources */,
			);
			runOnlyForDeploymentPostprocessing = 0;
		};
/* End PBXSourcesBuildPhase section */

/* Begin PBXVariantGroup section */
		ABEAB8DE2AC1715500078F72 /* Main.storyboard */ = {
			isa = PBXVariantGroup;
			children = (
				ABEAB8DF2AC1715500078F72 /* Base */,
			);
			name = Main.storyboard;
			sourceTree = "<group>";
		};
		ABEAB8E62AC1715600078F72 /* LaunchScreen.storyboard */ = {
			isa = PBXVariantGroup;
			children = (
				ABEAB8E72AC1715600078F72 /* Base */,
			);
			name = LaunchScreen.storyboard;
			sourceTree = "<group>";
		};
/* End PBXVariantGroup section */

/* Begin XCBuildConfiguration section */
		ABEAB8EA2AC1715600078F72 /* Debug */ = {
			isa = XCBuildConfiguration;
			buildSettings = {
				ALWAYS_SEARCH_USER_PATHS = NO;
				CLANG_ANALYZER_NONNULL = YES;
				CLANG_ANALYZER_NUMBER_OBJECT_CONVERSION = YES_AGGRESSIVE;
				CLANG_CXX_LANGUAGE_STANDARD = "gnu++20";
				CLANG_ENABLE_MODULES = YES;
				CLANG_ENABLE_OBJC_ARC = YES;
				CLANG_ENABLE_OBJC_WEAK = YES;
				CLANG_WARN_BLOCK_CAPTURE_AUTORELEASING = YES;
				CLANG_WARN_BOOL_CONVERSION = YES;
				CLANG_WARN_COMMA = YES;
				CLANG_WARN_CONSTANT_CONVERSION = YES;
				CLANG_WARN_DEPRECATED_OBJC_IMPLEMENTATIONS = YES;
				CLANG_WARN_DIRECT_OBJC_ISA_USAGE = YES_ERROR;
				CLANG_WARN_DOCUMENTATION_COMMENTS = YES;
				CLANG_WARN_EMPTY_BODY = YES;
				CLANG_WARN_ENUM_CONVERSION = YES;
				CLANG_WARN_INFINITE_RECURSION = YES;
				CLANG_WARN_INT_CONVERSION = YES;
				CLANG_WARN_NON_LITERAL_NULL_CONVERSION = YES;
				CLANG_WARN_OBJC_IMPLICIT_RETAIN_SELF = YES;
				CLANG_WARN_OBJC_LITERAL_CONVERSION = YES;
				CLANG_WARN_OBJC_ROOT_CLASS = YES_ERROR;
				CLANG_WARN_QUOTED_INCLUDE_IN_FRAMEWORK_HEADER = YES;
				CLANG_WARN_RANGE_LOOP_ANALYSIS = YES;
				CLANG_WARN_STRICT_PROTOTYPES = YES;
				CLANG_WARN_SUSPICIOUS_MOVE = YES;
				CLANG_WARN_UNGUARDED_AVAILABILITY = YES_AGGRESSIVE;
				CLANG_WARN_UNREACHABLE_CODE = YES;
				CLANG_WARN__DUPLICATE_METHOD_MATCH = YES;
				COPY_PHASE_STRIP = NO;
				DEBUG_INFORMATION_FORMAT = dwarf;
				ENABLE_STRICT_OBJC_MSGSEND = YES;
				ENABLE_TESTABILITY = YES;
				GCC_C_LANGUAGE_STANDARD = gnu11;
				GCC_DYNAMIC_NO_PIC = NO;
				GCC_NO_COMMON_BLOCKS = YES;
				GCC_OPTIMIZATION_LEVEL = 0;
				GCC_PREPROCESSOR_DEFINITIONS = (
					"DEBUG=1",
					"$(inherited)",
				);
				GCC_WARN_64_TO_32_BIT_CONVERSION = YES;
				GCC_WARN_ABOUT_RETURN_TYPE = YES_ERROR;
				GCC_WARN_UNDECLARED_SELECTOR = YES;
				GCC_WARN_UNINITIALIZED_AUTOS = YES_AGGRESSIVE;
				GCC_WARN_UNUSED_FUNCTION = YES;
				GCC_WARN_UNUSED_VARIABLE = YES;
				IPHONEOS_DEPLOYMENT_TARGET = 16.4;
				MTL_ENABLE_DEBUG_INFO = INCLUDE_SOURCE;
				MTL_FAST_MATH = YES;
				ONLY_ACTIVE_ARCH = YES;
				SDKROOT = iphoneos;
				SWIFT_ACTIVE_COMPILATION_CONDITIONS = DEBUG;
				SWIFT_OPTIMIZATION_LEVEL = "-Onone";
			};
			name = Debug;
		};
		ABEAB8EB2AC1715600078F72 /* Release */ = {
			isa = XCBuildConfiguration;
			buildSettings = {
				ALWAYS_SEARCH_USER_PATHS = NO;
				CLANG_ANALYZER_NONNULL = YES;
				CLANG_ANALYZER_NUMBER_OBJECT_CONVERSION = YES_AGGRESSIVE;
				CLANG_CXX_LANGUAGE_STANDARD = "gnu++20";
				CLANG_ENABLE_MODULES = YES;
				CLANG_ENABLE_OBJC_ARC = YES;
				CLANG_ENABLE_OBJC_WEAK = YES;
				CLANG_WARN_BLOCK_CAPTURE_AUTORELEASING = YES;
				CLANG_WARN_BOOL_CONVERSION = YES;
				CLANG_WARN_COMMA = YES;
				CLANG_WARN_CONSTANT_CONVERSION = YES;
				CLANG_WARN_DEPRECATED_OBJC_IMPLEMENTATIONS = YES;
				CLANG_WARN_DIRECT_OBJC_ISA_USAGE = YES_ERROR;
				CLANG_WARN_DOCUMENTATION_COMMENTS = YES;
				CLANG_WARN_EMPTY_BODY = YES;
				CLANG_WARN_ENUM_CONVERSION = YES;
				CLANG_WARN_INFINITE_RECURSION = YES;
				CLANG_WARN_INT_CONVERSION = YES;
				CLANG_WARN_NON_LITERAL_NULL_CONVERSION = YES;
				CLANG_WARN_OBJC_IMPLICIT_RETAIN_SELF = YES;
				CLANG_WARN_OBJC_LITERAL_CONVERSION = YES;
				CLANG_WARN_OBJC_ROOT_CLASS = YES_ERROR;
				CLANG_WARN_QUOTED_INCLUDE_IN_FRAMEWORK_HEADER = YES;
				CLANG_WARN_RANGE_LOOP_ANALYSIS = YES;
				CLANG_WARN_STRICT_PROTOTYPES = YES;
				CLANG_WARN_SUSPICIOUS_MOVE = YES;
				CLANG_WARN_UNGUARDED_AVAILABILITY = YES_AGGRESSIVE;
				CLANG_WARN_UNREACHABLE_CODE = YES;
				CLANG_WARN__DUPLICATE_METHOD_MATCH = YES;
				COPY_PHASE_STRIP = NO;
				DEBUG_INFORMATION_FORMAT = "dwarf-with-dsym";
				ENABLE_NS_ASSERTIONS = NO;
				ENABLE_STRICT_OBJC_MSGSEND = YES;
				GCC_C_LANGUAGE_STANDARD = gnu11;
				GCC_NO_COMMON_BLOCKS = YES;
				GCC_WARN_64_TO_32_BIT_CONVERSION = YES;
				GCC_WARN_ABOUT_RETURN_TYPE = YES_ERROR;
				GCC_WARN_UNDECLARED_SELECTOR = YES;
				GCC_WARN_UNINITIALIZED_AUTOS = YES_AGGRESSIVE;
				GCC_WARN_UNUSED_FUNCTION = YES;
				GCC_WARN_UNUSED_VARIABLE = YES;
				IPHONEOS_DEPLOYMENT_TARGET = 16.4;
				MTL_ENABLE_DEBUG_INFO = NO;
				MTL_FAST_MATH = YES;
				SDKROOT = iphoneos;
				SWIFT_COMPILATION_MODE = wholemodule;
				SWIFT_OPTIMIZATION_LEVEL = "-O";
				VALIDATE_PRODUCT = YES;
			};
			name = Release;
		};
		ABEAB8ED2AC1715600078F72 /* Debug */ = {
			isa = XCBuildConfiguration;
			buildSettings = {
				ASSETCATALOG_COMPILER_APPICON_NAME = AppIcon;
				ASSETCATALOG_COMPILER_GLOBAL_ACCENT_COLOR_NAME = AccentColor;
				CODE_SIGN_STYLE = Automatic;
				CURRENT_PROJECT_VERSION = 1;
				DEVELOPMENT_TEAM = 8633LAGB2Z;
				GENERATE_INFOPLIST_FILE = YES;
				INFOPLIST_FILE = WakeMeUp/Info.plist;
				INFOPLIST_KEY_UIApplicationSupportsIndirectInputEvents = YES;
				INFOPLIST_KEY_UILaunchStoryboardName = LaunchScreen;
				INFOPLIST_KEY_UIMainStoryboardFile = Main;
				INFOPLIST_KEY_UISupportedInterfaceOrientations_iPad = "UIInterfaceOrientationLandscapeLeft UIInterfaceOrientationLandscapeRight UIInterfaceOrientationPortrait UIInterfaceOrientationPortraitUpsideDown";
				IPHONEOS_DEPLOYMENT_TARGET = 16.0;
				LD_RUNPATH_SEARCH_PATHS = (
					"$(inherited)",
					"@executable_path/Frameworks",
				);
				MARKETING_VERSION = 1.0;
				PRODUCT_BUNDLE_IDENTIFIER = Daisy.WakeMeUp;
				PRODUCT_NAME = "$(TARGET_NAME)";
				SUPPORTED_PLATFORMS = "iphoneos iphonesimulator";
				SUPPORTS_MACCATALYST = NO;
				SUPPORTS_MAC_DESIGNED_FOR_IPHONE_IPAD = NO;
				SWIFT_EMIT_LOC_STRINGS = YES;
				SWIFT_VERSION = 5.0;
				TARGETED_DEVICE_FAMILY = 1;
			};
			name = Debug;
		};
		ABEAB8EE2AC1715600078F72 /* Release */ = {
			isa = XCBuildConfiguration;
			buildSettings = {
				ASSETCATALOG_COMPILER_APPICON_NAME = AppIcon;
				ASSETCATALOG_COMPILER_GLOBAL_ACCENT_COLOR_NAME = AccentColor;
				CODE_SIGN_STYLE = Automatic;
				CURRENT_PROJECT_VERSION = 1;
				DEVELOPMENT_TEAM = 8633LAGB2Z;
				GENERATE_INFOPLIST_FILE = YES;
				INFOPLIST_FILE = WakeMeUp/Info.plist;
				INFOPLIST_KEY_UIApplicationSupportsIndirectInputEvents = YES;
				INFOPLIST_KEY_UILaunchStoryboardName = LaunchScreen;
				INFOPLIST_KEY_UIMainStoryboardFile = Main;
				INFOPLIST_KEY_UISupportedInterfaceOrientations_iPad = "UIInterfaceOrientationLandscapeLeft UIInterfaceOrientationLandscapeRight UIInterfaceOrientationPortrait UIInterfaceOrientationPortraitUpsideDown";
				IPHONEOS_DEPLOYMENT_TARGET = 16.0;
				LD_RUNPATH_SEARCH_PATHS = (
					"$(inherited)",
					"@executable_path/Frameworks",
				);
				MARKETING_VERSION = 1.0;
				PRODUCT_BUNDLE_IDENTIFIER = Daisy.WakeMeUp;
				PRODUCT_NAME = "$(TARGET_NAME)";
				SUPPORTED_PLATFORMS = "iphoneos iphonesimulator";
				SUPPORTS_MACCATALYST = NO;
				SUPPORTS_MAC_DESIGNED_FOR_IPHONE_IPAD = NO;
				SWIFT_EMIT_LOC_STRINGS = YES;
				SWIFT_VERSION = 5.0;
				TARGETED_DEVICE_FAMILY = 1;
			};
			name = Release;
		};
/* End XCBuildConfiguration section */

/* Begin XCConfigurationList section */
		ABEAB8D02AC1715400078F72 /* Build configuration list for PBXProject "WakeMeUp" */ = {
			isa = XCConfigurationList;
			buildConfigurations = (
				ABEAB8EA2AC1715600078F72 /* Debug */,
				ABEAB8EB2AC1715600078F72 /* Release */,
			);
			defaultConfigurationIsVisible = 0;
			defaultConfigurationName = Release;
		};
		ABEAB8EC2AC1715600078F72 /* Build configuration list for PBXNativeTarget "WakeMeUp" */ = {
			isa = XCConfigurationList;
			buildConfigurations = (
				ABEAB8ED2AC1715600078F72 /* Debug */,
				ABEAB8EE2AC1715600078F72 /* Release */,
			);
			defaultConfigurationIsVisible = 0;
			defaultConfigurationName = Release;
		};
/* End XCConfigurationList section */

/* Begin XCRemoteSwiftPackageReference section */
		AB99C7EB2AC2C9B700033060 /* XCRemoteSwiftPackageReference "SnapKit" */ = {
			isa = XCRemoteSwiftPackageReference;
			repositoryURL = "https://github.com/SnapKit/SnapKit.git";
			requirement = {
				kind = upToNextMajorVersion;
				minimumVersion = 5.0.0;
			};
		};
/* End XCRemoteSwiftPackageReference section */

/* Begin XCSwiftPackageProductDependency section */
		AB99C7EC2AC2C9B700033060 /* SnapKit */ = {
			isa = XCSwiftPackageProductDependency;
			package = AB99C7EB2AC2C9B700033060 /* XCRemoteSwiftPackageReference "SnapKit" */;
			productName = SnapKit;
		};
/* End XCSwiftPackageProductDependency section */

/* Begin XCVersionGroup section */
		ABEAB8E12AC1715500078F72 /* WakeMeUp.xcdatamodeld */ = {
			isa = XCVersionGroup;
			children = (
				ABEAB8E22AC1715500078F72 /* WakeMeUp.xcdatamodel */,
			);
			currentVersion = ABEAB8E22AC1715500078F72 /* WakeMeUp.xcdatamodel */;
			path = WakeMeUp.xcdatamodeld;
			sourceTree = "<group>";
			versionGroupType = wrapper.xcdatamodel;
		};
/* End XCVersionGroup section */
	};
	rootObject = ABEAB8CD2AC1715400078F72 /* Project object */;
}
